
Microsoft Visual Studio Solution File, Format Version 12.00
# Visual Studio Version 16
VisualStudioVersion = 16.0.32002.261
MinimumVisualStudioVersion = 10.0.40219.1
Project("{FAE04EC0-301F-11D3-BF4B-00C04F79EFBC}") = "ProjectCompiler", "ProjectCompiler\ProjectCompiler.csproj", "{459BCA98-3417-4A2B-A708-560FDF13F6BA}"
EndProject
Global
	GlobalSection(SolutionConfigurationPlatforms) = preSolution
		Debug|Any CPU = Debug|Any CPU
		Release|Any CPU = Release|Any CPU
	EndGlobalSection
	GlobalSection(ProjectConfigurationPlatforms) = postSolution
		{459BCA98-3417-4A2B-A708-560FDF13F6BA}.Debug|Any CPU.ActiveCfg = Debug|Any CPU
		{459BCA98-3417-4A2B-A708-560FDF13F6BA}.Debug|Any CPU.Build.0 = Debug|Any CPU
		{459BCA98-3417-4A2B-A708-560FDF13F6BA}.Release|Any CPU.ActiveCfg = Release|Any CPU
		{459BCA98-3417-4A2B-A708-560FDF13F6BA}.Release|Any CPU.Build.0 = Release|Any CPU
	EndGlobalSection
	GlobalSection(SolutionProperties) = preSolution
		HideSolutionNode = FALSE
	EndGlobalSection
	GlobalSection(ExtensibilityGlobals) = postSolution
		SolutionGuid = {84B15C98-59CE-4C63-8EC4-C357E86D598A}
	EndGlobalSection
EndGlobal
